
Microsoft Visual Studio Solution File, Format Version 12.00
# Visual Studio Version 17
VisualStudioVersion = 17.12.35707.178
MinimumVisualStudioVersion = 10.0.40219.1
Project("{2150E333-8FDC-42A3-9474-1A3956D46DE8}") = "Core", "Core", "{53A43C54-A7B1-4B2D-811D-316C460AE77E}"
EndProject
Project("{FAE04EC0-301F-11D3-BF4B-00C04F79EFBC}") = "ETicaretAPI.Domain", "Core\ETicaretAPI.Domain\ETicaretAPI.Domain.csproj", "{85D55D85-EC1F-4457-9976-D8464C0AA2F4}"
EndProject
Project("{FAE04EC0-301F-11D3-BF4B-00C04F79EFBC}") = "ETicaretAPI.Application", "Core\ETicaretAPI.Application\ETicaretAPI.Application.csproj", "{FB5D4EED-A473-4CE4-8380-3F0C0ADFAB10}"
EndProject
Project("{2150E333-8FDC-42A3-9474-1A3956D46DE8}") = "Infrastructure", "Infrastructure", "{0800B846-54D2-4066-B1CA-226CC5A6EA0D}"
EndProject
Project("{FAE04EC0-301F-11D3-BF4B-00C04F79EFBC}") = "ETicaretAPI.Infrastructure", "Infrastructure\ETicaretAPI.Infrastructure\ETicaretAPI.Infrastructure.csproj", "{133830BA-E626-44AD-A820-D6D1B3F7171D}"
EndProject
Project("{FAE04EC0-301F-11D3-BF4B-00C04F79EFBC}") = "ETicaretAPI.Persistence", "Infrastructure\ETicaretAPI.Persistence\ETicaretAPI.Persistence.csproj", "{C3FCE00D-1442-4B03-A263-6F79CA57BDE8}"
EndProject
Project("{2150E333-8FDC-42A3-9474-1A3956D46DE8}") = "Presentation", "Presentation", "{4F4E6BDD-9CE9-4D90-BD87-E52F6AD67F82}"
EndProject
Project("{FAE04EC0-301F-11D3-BF4B-00C04F79EFBC}") = "ETicaretAPI.API", "Presentation\ETicaretAPI.API\ETicaretAPI.API.csproj", "{4C755EE0-C533-4883-9846-E89758F2F426}"
EndProject
Global
	GlobalSection(SolutionConfigurationPlatforms) = preSolution
		Debug|Any CPU = Debug|Any CPU
		Release|Any CPU = Release|Any CPU
	EndGlobalSection
	GlobalSection(ProjectConfigurationPlatforms) = postSolution
		{85D55D85-EC1F-4457-9976-D8464C0AA2F4}.Debug|Any CPU.ActiveCfg = Debug|Any CPU
		{85D55D85-EC1F-4457-9976-D8464C0AA2F4}.Debug|Any CPU.Build.0 = Debug|Any CPU
		{85D55D85-EC1F-4457-9976-D8464C0AA2F4}.Release|Any CPU.ActiveCfg = Release|Any CPU
		{85D55D85-EC1F-4457-9976-D8464C0AA2F4}.Release|Any CPU.Build.0 = Release|Any CPU
		{FB5D4EED-A473-4CE4-8380-3F0C0ADFAB10}.Debug|Any CPU.ActiveCfg = Debug|Any CPU
		{FB5D4EED-A473-4CE4-8380-3F0C0ADFAB10}.Debug|Any CPU.Build.0 = Debug|Any CPU
		{FB5D4EED-A473-4CE4-8380-3F0C0ADFAB10}.Release|Any CPU.ActiveCfg = Release|Any CPU
		{FB5D4EED-A473-4CE4-8380-3F0C0ADFAB10}.Release|Any CPU.Build.0 = Release|Any CPU
		{133830BA-E626-44AD-A820-D6D1B3F7171D}.Debug|Any CPU.ActiveCfg = Debug|Any CPU
		{133830BA-E626-44AD-A820-D6D1B3F7171D}.Debug|Any CPU.Build.0 = Debug|Any CPU
		{133830BA-E626-44AD-A820-D6D1B3F7171D}.Release|Any CPU.ActiveCfg = Release|Any CPU
		{133830BA-E626-44AD-A820-D6D1B3F7171D}.Release|Any CPU.Build.0 = Release|Any CPU
		{C3FCE00D-1442-4B03-A263-6F79CA57BDE8}.Debug|Any CPU.ActiveCfg = Debug|Any CPU
		{C3FCE00D-1442-4B03-A263-6F79CA57BDE8}.Debug|Any CPU.Build.0 = Debug|Any CPU
		{C3FCE00D-1442-4B03-A263-6F79CA57BDE8}.Release|Any CPU.ActiveCfg = Release|Any CPU
		{C3FCE00D-1442-4B03-A263-6F79CA57BDE8}.Release|Any CPU.Build.0 = Release|Any CPU
		{4C755EE0-C533-4883-9846-E89758F2F426}.Debug|Any CPU.ActiveCfg = Debug|Any CPU
		{4C755EE0-C533-4883-9846-E89758F2F426}.Debug|Any CPU.Build.0 = Debug|Any CPU
		{4C755EE0-C533-4883-9846-E89758F2F426}.Release|Any CPU.ActiveCfg = Release|Any CPU
		{4C755EE0-C533-4883-9846-E89758F2F426}.Release|Any CPU.Build.0 = Release|Any CPU
	EndGlobalSection
	GlobalSection(SolutionProperties) = preSolution
		HideSolutionNode = FALSE
	EndGlobalSection
	GlobalSection(NestedProjects) = preSolution
		{85D55D85-EC1F-4457-9976-D8464C0AA2F4} = {53A43C54-A7B1-4B2D-811D-316C460AE77E}
		{FB5D4EED-A473-4CE4-8380-3F0C0ADFAB10} = {53A43C54-A7B1-4B2D-811D-316C460AE77E}
		{133830BA-E626-44AD-A820-D6D1B3F7171D} = {0800B846-54D2-4066-B1CA-226CC5A6EA0D}
		{C3FCE00D-1442-4B03-A263-6F79CA57BDE8} = {0800B846-54D2-4066-B1CA-226CC5A6EA0D}
		{4C755EE0-C533-4883-9846-E89758F2F426} = {4F4E6BDD-9CE9-4D90-BD87-E52F6AD67F82}
	EndGlobalSection
EndGlobal
